
Microsoft Visual Studio Solution File, Format Version 11.00
# Visual Studio 2010
Project("{FAE04EC0-301F-11D3-BF4B-00C04F79EFBC}") = "DeleteCustomerNamesapce", "DeleteCustomerNamesapce\DeleteCustomerNamesapce.csproj", "{F773D3B4-5A50-4BD6-AFE2-3E26F4291F38}"
EndProject
Global
	GlobalSection(SolutionConfigurationPlatforms) = preSolution
		Debug|Any CPU = Debug|Any CPU
		Release|Any CPU = Release|Any CPU
	EndGlobalSection
	GlobalSection(ProjectConfigurationPlatforms) = postSolution
		{F773D3B4-5A50-4BD6-AFE2-3E26F4291F38}.Debug|Any CPU.ActiveCfg = Debug|Any CPU
		{F773D3B4-5A50-4BD6-AFE2-3E26F4291F38}.Debug|Any CPU.Build.0 = Debug|Any CPU
		{F773D3B4-5A50-4BD6-AFE2-3E26F4291F38}.Release|Any CPU.ActiveCfg = Release|Any CPU
		{F773D3B4-5A50-4BD6-AFE2-3E26F4291F38}.Release|Any CPU.Build.0 = Release|Any CPU
	EndGlobalSection
	GlobalSection(SolutionProperties) = preSolution
		HideSolutionNode = FALSE
	EndGlobalSection
EndGlobal
