
Microsoft Visual Studio Solution File, Format Version 11.00
# Visual Studio 2010
Project("{FAE04EC0-301F-11D3-BF4B-00C04F79EFBC}") = "CashCardDetailsNamespace", "CashCardDetailsNamespace\CashCardDetailsNamespace.csproj", "{CC26B616-F179-472E-9E7D-089C25A0861F}"
EndProject
Global
	GlobalSection(SolutionConfigurationPlatforms) = preSolution
		Debug|Any CPU = Debug|Any CPU
		Release|Any CPU = Release|Any CPU
	EndGlobalSection
	GlobalSection(ProjectConfigurationPlatforms) = postSolution
		{CC26B616-F179-472E-9E7D-089C25A0861F}.Debug|Any CPU.ActiveCfg = Debug|Any CPU
		{CC26B616-F179-472E-9E7D-089C25A0861F}.Debug|Any CPU.Build.0 = Debug|Any CPU
		{CC26B616-F179-472E-9E7D-089C25A0861F}.Release|Any CPU.ActiveCfg = Release|Any CPU
		{CC26B616-F179-472E-9E7D-089C25A0861F}.Release|Any CPU.Build.0 = Release|Any CPU
	EndGlobalSection
	GlobalSection(SolutionProperties) = preSolution
		HideSolutionNode = FALSE
	EndGlobalSection
EndGlobal
